FREAK-V4-BOOTSTRAP-LOCK-1
commit b43127c4e0d3beb9fc3b11b082799c3ef6e0403a
source_order 1c657a2a227b31e4203f1d266160b190076a815fc8ee12ceb744f59af8529cc3 bootstrap-sources.manifest
source 1d8b8001784597ab5451ed1310f263f41d7abe16abf98f3de19010ebed46fc5f crates/freak_span/src/lib.fk
source e3b925c19b770429a4367bdd792693ab09414ee15273b93ac310598276dbe215 crates/freak_diag/src/lib.fk
source 9f0076ad851e19b0af8a3be64ea3b6b134a3ce8ed699e14b6cf9e4d4218c582e crates/freak_macro_api/src/lib.fk
source 27e5062ba02263a8fd54eae7baadfe2a9d8488e377f546d66c40bf983d34a42a crates/freak_arena/src/lib.fk
source 3acf169d29703b9b3afb9d0129ae4b73af09f6859b1eedca5cb3d7541c5227af crates/freak_intern/src/lib.fk
source 9a29186efb795d482ce22cb2db883e4fae675ffa69e86e7378e8dd24cd63be3e crates/freak_session/src/lib.fk
source e8aadfc86a1ff74094e3463163f52f623af228e7b35d10f86c2d644fa3883e8b crates/freak_target/src/lib.fk
source 962b001aff89b69cf2c933ede2e3ae5af4afa4e8f78563e5946897a5a3a09cd7 crates/freak_lex/src/lib.fk
source cd3aa1aa31bd91c0b53f8e47c7520fb5283622f85e9716822d697e73c7a2187d crates/freak_parse/src/lib.fk
source becf4e3f734707db174123b31443044142742d3dbd8197a49b1fef7a0321a517 crates/freak_expand/src/lib.fk
source 5da66440105c743e05b51d8f0c7a7e83b18117fee39101b52294ce2e3a97de01 crates/freak_hir/src/lib.fk
source 1c80aae693fbbeb400328629c10500dfe4aa22b415969c9e20b6f9d9f76f7841 crates/freak_resolve/src/lib.fk
source 6932885e3c47617c80dcc2e6d4a5cf143ac5d62ad42f265c5a19694a77f3c205 crates/freak_ty/src/lib.fk
source 76b76564cd5a2c7467cf66d945e9208fa5173f94130f274d21b7dac20256f655 crates/freak_mir/src/lib.fk
source a08c457dd8d819e6189c5e749b6f22d4f1b5788361c64b26aee1d4922cae2376 crates/freak_mir_build/src/lib.fk
source 868546a39d41557bb385787d78a2d77afe6ef8de90ffea67255176968ecdd490 crates/freak_borrowck/src/lib.fk
source 5bfb46d9518eec59b6daecefc3ed6541c2e2c4b14cbf0a0ecb1f42d77478911d crates/freak_codegen_llvm/src/lib.fk
source ada0e55e88f786580af471b7ae138b09290353d9bbb0c8d39b08daf349500c29 crates/freak_query/src/lib.fk
source 2fe90436fe16171feedce15583c48fce261e7e663cc5357c67754a93b854e5bc crates/freak_driver/src/lib.fk
source c79323603711e060fa23cbfce834dec9fde269ee6a61812ca2f055a6c8cee0fc crates/freak_editor/src/lib.fk
source 9b49cd3cff3ddb8bda2ed5a5db7c4b74a9848c87a29fa8349f88a836e3155c1a crates/freak_snapshot/src/lib.fk
source ce98807cb6920e36632d66cd68b3ac5bea841dcdd40463bc639a3e2aa10ff283 crates/freak_lsp/src/lib.fk
entry 4053db57bed344897fba512292b8573b233d845d639cf05da37c993fef595354 tools/build_llvm.fk
metadata 2dce104d5134c455e69fc463c458e94557b1162d0999743427dd56ab89b92dbc bootstrap.toml
metadata bd3401d2c53ae5c769064637c18a064f31d4a56ca27cd9fbeb9d4981a12fdbb6 native-runtime.manifest
metadata d26bbf79786192ad50d80355a35d923e382529379a9acae4406c27b9f52f5e0c tools/preview_launcher.fk
metadata 6c985d7edd064515a85bbac7c8d29381f91ff8360c79c58c80b7ac51787d2b02 tools/preview_protocol.fk
