FREAK-V4-BOOTSTRAP-LOCK-1
commit 08f264ca097b845137bf322e0a1872255d20749b
source_order 1c657a2a227b31e4203f1d266160b190076a815fc8ee12ceb744f59af8529cc3 bootstrap-sources.manifest
source 1d8b8001784597ab5451ed1310f263f41d7abe16abf98f3de19010ebed46fc5f crates/freak_span/src/lib.fk
source e3b925c19b770429a4367bdd792693ab09414ee15273b93ac310598276dbe215 crates/freak_diag/src/lib.fk
source 9f0076ad851e19b0af8a3be64ea3b6b134a3ce8ed699e14b6cf9e4d4218c582e crates/freak_macro_api/src/lib.fk
source 27e5062ba02263a8fd54eae7baadfe2a9d8488e377f546d66c40bf983d34a42a crates/freak_arena/src/lib.fk
source 3acf169d29703b9b3afb9d0129ae4b73af09f6859b1eedca5cb3d7541c5227af crates/freak_intern/src/lib.fk
source 9a29186efb795d482ce22cb2db883e4fae675ffa69e86e7378e8dd24cd63be3e crates/freak_session/src/lib.fk
source e8aadfc86a1ff74094e3463163f52f623af228e7b35d10f86c2d644fa3883e8b crates/freak_target/src/lib.fk
source 81b270ecdb5ee21d4fa3af1208c19d1089ba4d20b4a488960e4e17102fb40c88 crates/freak_lex/src/lib.fk
source dab9134d154823c0c4a843545f1f433a0599fc217dddd603467075588c73e54a crates/freak_parse/src/lib.fk
source becf4e3f734707db174123b31443044142742d3dbd8197a49b1fef7a0321a517 crates/freak_expand/src/lib.fk
source 64cc3cbf2e6cc0bfaa37188d7b03989bfd0fd7c5056d145687881fe75625448b crates/freak_hir/src/lib.fk
source 1c80aae693fbbeb400328629c10500dfe4aa22b415969c9e20b6f9d9f76f7841 crates/freak_resolve/src/lib.fk
source 6932885e3c47617c80dcc2e6d4a5cf143ac5d62ad42f265c5a19694a77f3c205 crates/freak_ty/src/lib.fk
source 81db9e0b951cecb7559ac95a483b4e0466e9b46fc82f0f8fccd89238b9f7dfa3 crates/freak_mir/src/lib.fk
source bf5e133eaf17123fe73222eed75c81df0780a37ba68b6db8c363e1b0719fae36 crates/freak_mir_build/src/lib.fk
source ad211bb143830a1db8e0a4b12261b48d30c71a32035c225f898a87da41e20c90 crates/freak_borrowck/src/lib.fk
source 89d0067f2e970d1f3491be899ce139cb1968107f5cfa3b731e119908061243fa crates/freak_codegen_llvm/src/lib.fk
source ada0e55e88f786580af471b7ae138b09290353d9bbb0c8d39b08daf349500c29 crates/freak_query/src/lib.fk
source 2fe90436fe16171feedce15583c48fce261e7e663cc5357c67754a93b854e5bc crates/freak_driver/src/lib.fk
source c79323603711e060fa23cbfce834dec9fde269ee6a61812ca2f055a6c8cee0fc crates/freak_editor/src/lib.fk
source 9b49cd3cff3ddb8bda2ed5a5db7c4b74a9848c87a29fa8349f88a836e3155c1a crates/freak_snapshot/src/lib.fk
source ce98807cb6920e36632d66cd68b3ac5bea841dcdd40463bc639a3e2aa10ff283 crates/freak_lsp/src/lib.fk
entry 4053db57bed344897fba512292b8573b233d845d639cf05da37c993fef595354 tools/build_llvm.fk
metadata 230e768e5cad7a7a970c30a0291d14e024c81dc8710fcdde65eb3058eb0a24ff bootstrap.toml
metadata bd3401d2c53ae5c769064637c18a064f31d4a56ca27cd9fbeb9d4981a12fdbb6 native-runtime.manifest
metadata e0e1ec793152fb555e314ccbfc2a706bbddca01dfa5d49aaef3d5e71fdb6a875 tools/preview_launcher.fk
metadata 9bc3b33087aa598527633a561a98e46373a5eb1b6e57588f06a76c3103200323 tools/preview_protocol.fk
